
Microsoft Visual Studio Solution File, Format Version 12.00
# Visual Studio Version 16
VisualStudioVersion = 16.0.30128.74
MinimumVisualStudioVersion = 10.0.40219.1
Project("{FAE04EC0-301F-11D3-BF4B-00C04F79EFBC}") = "BlazorTest.Server", "BlazorTest.Server\BlazorTest.Server.csproj", "{9B5DF725-5371-44CD-9010-9DCB28114B14}"
EndProject
Project("{FAE04EC0-301F-11D3-BF4B-00C04F79EFBC}") = "BlazorTest.WebAssembly", "BlazorTest.WebAssembly\BlazorTest.WebAssembly.csproj", "{B29D0DB2-63BC-4085-B05B-51DA95153BDD}"
EndProject
Project("{FAE04EC0-301F-11D3-BF4B-00C04F79EFBC}") = "BlazorTest.Core", "BlazorTest.Core\BlazorTest.Core.csproj", "{6B3F2E78-BE7D-4248-8D96-AD8F1C5017B4}"
EndProject
Global
	GlobalSection(SolutionConfigurationPlatforms) = preSolution
		Debug|Any CPU = Debug|Any CPU
		Release|Any CPU = Release|Any CPU
	EndGlobalSection
	GlobalSection(ProjectConfigurationPlatforms) = postSolution
		{9B5DF725-5371-44CD-9010-9DCB28114B14}.Debug|Any CPU.ActiveCfg = Debug|Any CPU
		{9B5DF725-5371-44CD-9010-9DCB28114B14}.Debug|Any CPU.Build.0 = Debug|Any CPU
		{9B5DF725-5371-44CD-9010-9DCB28114B14}.Release|Any CPU.ActiveCfg = Release|Any CPU
		{9B5DF725-5371-44CD-9010-9DCB28114B14}.Release|Any CPU.Build.0 = Release|Any CPU
		{B29D0DB2-63BC-4085-B05B-51DA95153BDD}.Debug|Any CPU.ActiveCfg = Debug|Any CPU
		{B29D0DB2-63BC-4085-B05B-51DA95153BDD}.Debug|Any CPU.Build.0 = Debug|Any CPU
		{B29D0DB2-63BC-4085-B05B-51DA95153BDD}.Release|Any CPU.ActiveCfg = Release|Any CPU
		{B29D0DB2-63BC-4085-B05B-51DA95153BDD}.Release|Any CPU.Build.0 = Release|Any CPU
		{6B3F2E78-BE7D-4248-8D96-AD8F1C5017B4}.Debug|Any CPU.ActiveCfg = Debug|Any CPU
		{6B3F2E78-BE7D-4248-8D96-AD8F1C5017B4}.Debug|Any CPU.Build.0 = Debug|Any CPU
		{6B3F2E78-BE7D-4248-8D96-AD8F1C5017B4}.Release|Any CPU.ActiveCfg = Release|Any CPU
		{6B3F2E78-BE7D-4248-8D96-AD8F1C5017B4}.Release|Any CPU.Build.0 = Release|Any CPU
	EndGlobalSection
	GlobalSection(SolutionProperties) = preSolution
		HideSolutionNode = FALSE
	EndGlobalSection
	GlobalSection(ExtensibilityGlobals) = postSolution
		SolutionGuid = {5474A696-8542-496E-9A3F-9A90815B4DB1}
	EndGlobalSection
EndGlobal
